# This file was autogenerated by Stack.
# You should not edit this file by hand.
# For more information, please see the documentation at:
#   https://docs.haskellstack.org/en/stable/lock_files

packages:
- completed:
    hackage: freer-0.2.4.1@sha256:f8650d4787f0909b7887188f0f1ff84ead5f5932d4c3a2d3e49120b7d95b3c5d,3221
    pantry-tree:
      size: 2422
      sha256: 72cfa2d46da31f281a2337dfef9d863cd3b919a561d07230fda44cf5b811953e
  original:
    hackage: freer-0.2.4.1@sha256:f8650d4787f0909b7887188f0f1ff84ead5f5932d4c3a2d3e49120b7d95b3c5d,3221
snapshots:
- completed:
    size: 524104
    url: https://raw.githubusercontent.com/commercialhaskell/stackage-snapshots/master/lts/14/5.yaml
    sha256: 3c146eebc1b383211ea49d5422fb3d63d699da12307b4bc989107300eb579d60
  original: lts-14.5
